
Microsoft Visual Studio Solution File, Format Version 12.00
# Visual Studio Version 16
VisualStudioVersion = 16.0.29709.97
MinimumVisualStudioVersion = 10.0.40219.1
Project("{FAE04EC0-301F-11D3-BF4B-00C04F79EFBC}") = "Klassenverwaltung", "Klassenverwaltung\Klassenverwaltung.csproj", "{7F5E15CD-488C-4CB9-A1DE-7063FC29B467}"
EndProject
Global
	GlobalSection(SolutionConfigurationPlatforms) = preSolution
		Debug|Any CPU = Debug|Any CPU
		Release|Any CPU = Release|Any CPU
	EndGlobalSection
	GlobalSection(ProjectConfigurationPlatforms) = postSolution
		{7F5E15CD-488C-4CB9-A1DE-7063FC29B467}.Debug|Any CPU.ActiveCfg = Debug|Any CPU
		{7F5E15CD-488C-4CB9-A1DE-7063FC29B467}.Debug|Any CPU.Build.0 = Debug|Any CPU
		{7F5E15CD-488C-4CB9-A1DE-7063FC29B467}.Release|Any CPU.ActiveCfg = Release|Any CPU
		{7F5E15CD-488C-4CB9-A1DE-7063FC29B467}.Release|Any CPU.Build.0 = Release|Any CPU
	EndGlobalSection
	GlobalSection(SolutionProperties) = preSolution
		HideSolutionNode = FALSE
	EndGlobalSection
	GlobalSection(ExtensibilityGlobals) = postSolution
		SolutionGuid = {E344097B-0E89-4FBF-9AE4-ACD2DF471158}
	EndGlobalSection
EndGlobal
